github.com/davecgh/go-spew v1.1.1 h1:vj9j/u1bqnvCEfJOwUhtlOARqs3+rkHYY13jYWTU97c=
github.com/go-daq/smbus v0.0.0-20201216173259-5725b4593606 h1:1lyGjYJXpYkF6fGQbhAIOdIaeymKQuS6RJVLVlTzc5w=
github.com/go-daq/smbus v0.0.0-20201216173259-5725b4593606/go.mod h1:KDYiP7UvrtHRqnVLE6ziKupbojinMHjFUdo+1VA7r/Q=
github.com/gofrs/uuid v4.4.0+incompatible h1:3qXRTX8/NbyulANqlc0lchS1gqAVxRgsuW1YrTJupqA=
github.com/gofrs/uuid v4.4.0+incompatible/go.mod h1:b2aQJv3Z4Fp6yNu3cdSllBxTCLRxnplIgP/c0N/04lM=
github.com/hashicorp/errwrap v1.0.0/go.mod h1:YH+1FKiLXxHSkmPseP+kNlulaMuP3n2brvKWEqk/Jc4=
github.com/hashicorp/errwrap v1.1.0 h1:OxrOeh75EUXMY8TBjag2fzXGZ40LB6IKw45YeGUDY2I=
github.com/hashicorp/errwrap v1.1.0/go.mod h1:YH+1FKiLXxHSkmPseP+kNlulaMuP3n2brvKWEqk/Jc4=
github.com/hashicorp/go-multierror v1.1.1 h1:H5DkEtf6CXdFp0N0Em5UCwQpXMWke8IA0+lD48awMYo=
github.com/hashicorp/go-multierror v1.1.1/go.mod h1:iw975J/qwKPdAO1clOe2L8331t/9/fmwbPZ6JB6eMoM=
github.com/pilebones/go-udev v0.9.0 h1:N1uEO/SxUwtIctc0WLU0t69JeBxIYEYnj8lT/Nabl9Q=
github.com/pkg/errors v0.9.1 h1:FEBLx1zS214owpjy7qsBeixbURkuhQAwrK5UwLGTwt4=
github.com/pkg/errors v0.9.1/go.mod h1:bwawxfHBFNV+L2hUp1rHADufV3IMtnDRdf1r5NINEl0=
github.com/pmezard/go-difflib v1.0.0 h1:4DBwDE0NGyQoBHbLQYPwSUPoCMWR5BEzIk/f1lZbAQM=
github.com/rpi-ws281x/rpi-ws281x-go v1.0.10 h1:KeO4QOD1XULQ1DvL0pOx6lsJcq51Kh0q2KtLdgCx2nU=
github.com/rpi-ws281x/rpi-ws281x-go v1.0.10/go.mod h1:p0jenYJjUUOmOwwrcdLmzd3yqKBVkQHI0gfZTXlj0qk=
github.com/sigurn/crc8 v0.0.0-20220107193325-2243fe600f9f h1:1R9KdKjCNSd7F8iGTxIpoID9prlYH8nuNYKt0XvweHA=
github.com/sigurn/crc8 v0.0.0-20220107193325-2243fe600f9f/go.mod h1:vQhwQ4meQEDfahT5kd61wLAF5AAeh5ZPLVI4JJ/tYo8=
github.com/stretchr/testify v1.8.4 h1:CcVxjf3Q8PM0mHUKJCdn+eZZtm5yQwehR5yeSVQQcUk=
github.com/warthog618/gpiod v0.8.1 h1:+8iHpHd3fljAd6l4AT8jPbMDQNKdvBIpW/hmLgAcHiM=
github.com/warthog618/gpiod v0.8.1/go.mod h1:A7v1hGR2eTsnkN+e9RoAPYgJG9bLJWtwyIIK+pgqC7s=
gobot.io/x/gobot/v2 v2.1.1 h1:9AAqHCEH52XMtJ1vONOeJs1ikAbyja1Zy2gv2Of1KwY=
gobot.io/x/gobot/v2 v2.1.1/go.mod h1:y0GRBvxyWDaIcmhh66EeXlVpbr1Yc5BULI6OCsE9zX8=
golang.org/x/sys v0.10.0 h1:SqMFp9UcQJZa+pmYuAKjd9xq1f0j5rLcDIk0mj4qAsA=
golang.org/x/sys v0.10.0/go.mod h1:oPkhp1MJrh7nUepCBck5+mAzfO9JrbApNNgaTdGDITg=
gopkg.in/yaml.v3 v3.0.1 h1:fxVm/GzAzEWqLHuvctI91KS9hhNmmWOoWu0XTYJS7CA=
periph.io/x/conn/v3 v3.7.0 h1:f1EXLn4pkf7AEWwkol2gilCNZ0ElY+bxS4WE2PQXfrA=
periph.io/x/conn/v3 v3.7.0/go.mod h1:ypY7UVxgDbP9PJGwFSVelRRagxyXYfttVh7hJZUHEhg=
periph.io/x/host/v3 v3.8.2 h1:ayKUDzgUCN0g8+/xM9GTkWaOBhSLVcVHGTfjAOi8OsQ=
periph.io/x/host/v3 v3.8.2/go.mod h1:yFL76AesNHR68PboofSWYaQTKmvPXsQH2Apvp/ls/K4=
